github.com/ansel1/merry v1.1.0 h1:kTao3zgsO4COLbmithhyFSdc6hdVpefokbVIdsun6Pk=
github.com/ansel1/merry v1.1.0/go.mod h1:qBYMZz+rgzOfZ3QACcTK7hE0bBMxvC0sKCok2t7bAhw=
github.com/davecgh/go-spew v1.1.0/go.mod h1:J7Y8YcW2NihsgmVo/mv3lAwl/skON4iLHjSsI+c5H38=
github.com/gorilla/context v1.1.1/go.mod h1:kBGZzfjB9CEq2AlWe17Uuf7NDRt0dE0s8S51q0aT7Yg=
github.com/gorilla/mux v1.6.2 h1:Pgr17XVTNXAk3q/r4CpKzC5xBM/qW1uVLV+IhRZpIIk=
github.com/gorilla/mux v1.6.2/go.mod h1:1lud6UwP+6orDFRuTfBEV8e9/aOM/c4fVVCaMa2zaAs=
github.com/inconshreveable/mousetrap v1.0.0/go.mod h1:PxqpIevigyE2G7u3NXJIT2ANytuPF1OarO4DADm73n8=
github.com/jamesbibby/swag v0.0.0-20171116155415-e5b16f4dcbba h1:Nce2TCqqTbjZw/JZl9WuvIxSLq2RHZFkS2Mm0cOAp8Q=
github.com/jamesbibby/swag v0.0.0-20171116155415-e5b16f4dcbba/go.mod h1:XwC4OjI0U/hZ1tf+kv0Vpo4r3XxUY+cz7VIN/1mn5Mw=
github.com/jmoiron/sqlx v0.0.0-20180614180643-0dae4fefe7c0 h1:5B0uxl2lzNRVkJVg+uGHxWtRt4C0Wjc6kJKo5XYx8xE=
github.com/jmoiron/sqlx v0.0.0-20180614180643-0dae4fefe7c0/go.mod h1:IiEW3SEiiErVyFdH8NTuWjSifiEQKUoyK3LNqr2kCHU=
github.com/kelseyhightower/envconfig v1.3.0 h1:IvRS4f2VcIQy6j4ORGIf9145T/AsUB+oY8LyvN8BXNM=
github.com/kelseyhightower/envconfig v1.3.0/go.mod h1:cccZRl6mQpaq41TPp5QxidR+Sa3axMbJDNb//FQX6Gg=
github.com/lib/pq v0.0.0-20180523175426-90697d60dd84 h1:it29sI2IM490luSc3RAhp5WuCYnc6RtbfLVAB7nmC5M=
github.com/lib/pq v0.0.0-20180523175426-90697d60dd84/go.mod h1:5WUZQaWbwv1U+lTReE5YruASi9Al49XbQIvNi/34Woo=
github.com/pmezard/go-difflib v1.0.0/go.mod h1:iKH77koFhYxTK1pcRnkKkqfTogsbg7gZNVY4sRDYZ/4=
github.com/rubenv/sql-migrate v0.0.0-20180704111356-3f452fc0ebeb h1:lAOy8O8yKU3unXE92z9pfE7ylDwXr3202BLskpOaUcA=
github.com/rubenv/sql-migrate v0.0.0-20180704111356-3f452fc0ebeb/go.mod h1:WS0rl9eEliYI8DPnr3TOwz4439pay+qNgzJoVya/DmY=
github.com/sirupsen/logrus v1.0.6 h1:hcP1GmhGigz/O7h1WVUM5KklBp1JoNS9FggWKdj/j3s=
github.com/sirupsen/logrus v1.0.6/go.mod h1:pMByvHTf9Beacp5x1UXfOR9xyW/9antXMhjMPG0dEzc=
github.com/spf13/cobra v0.0.3 h1:ZlrZ4XsMRm04Fr5pSFxBgfND2EBVa1nLpiy1stUsX/8=
github.com/spf13/cobra v0.0.3/go.mod h1:1l0Ry5zgKvJasoi3XT1TypsSe7PqH0Sj9dhYf7v3XqQ=
github.com/spf13/pflag v1.0.2 h1:Fy0orTDgHdbnzHcsOgfCN4LtHf0ec3wwtiwJqwvf3Gc=
github.com/spf13/pflag v1.0.2/go.mod h1:DYY7MBk1bdzusC3SYhjObp+wFpr4gzcvqqNjLnInEg4=
github.com/stretchr/testify v1.2.2/go.mod h1:a8OnRcib4nhh0OaRAV+Yts87kKdq0PP7pXfy6kDkUVs=
golang.org/x/crypto v0.0.0-20180910181607-0e37d006457b h1:2b9XGzhjiYsYPnKXoEfL7klWZQIt8IfyRCz62gCqqlQ=
golang.org/x/crypto v0.0.0-20180910181607-0e37d006457b/go.mod h1:6SG95UA2DQfeDnfUPMdvaQW0Q7yPrPDi9nlGo2tz2b4=
golang.org/x/sys v0.0.0-20180918153733-ee1b12c67af4 h1:h8ij2QOL81JqJ/Vi5Ru+hl4a1yct8+XDGrgBhG0XbuE=
golang.org/x/sys v0.0.0-20180918153733-ee1b12c67af4/go.mod h1:STP8DvDyc/dI5b8T5hshtkjS+E42TnysNCUPdjciGhY=
gopkg.in/DATA-DOG/go-sqlmock.v1 v1.3.0/go.mod h1:OdE7CF6DbADk7lN8LIKRzRJTTZXIjtWgA5THM5lhBAw=
gopkg.in/gorp.v1 v1.7.1 h1:GBB9KrWRATQZh95HJyVGUZrWwOPswitEYEyqlK8JbAA=
gopkg.in/gorp.v1 v1.7.1/go.mod h1:Wo3h+DBQZIxATwftsglhdD/62zRFPhGhTiu5jUJmCaw=
